
Microsoft Visual Studio Solution File, Format Version 12.00
# Visual Studio 15
VisualStudioVersion = 15.0.28307.757
MinimumVisualStudioVersion = 10.0.40219.1
Project("{FAE04EC0-301F-11D3-BF4B-00C04F79EFBC}") = "Task01", "Task01\Task01.csproj", "{EA90F42D-42DC-4E90-99CD-927CBCB79B5B}"
EndProject
Global
	GlobalSection(SolutionConfigurationPlatforms) = preSolution
		Debug|Any CPU = Debug|Any CPU
		Release|Any CPU = Release|Any CPU
	EndGlobalSection
	GlobalSection(ProjectConfigurationPlatforms) = postSolution
		{EA90F42D-42DC-4E90-99CD-927CBCB79B5B}.Debug|Any CPU.ActiveCfg = Debug|Any CPU
		{EA90F42D-42DC-4E90-99CD-927CBCB79B5B}.Debug|Any CPU.Build.0 = Debug|Any CPU
		{EA90F42D-42DC-4E90-99CD-927CBCB79B5B}.Release|Any CPU.ActiveCfg = Release|Any CPU
		{EA90F42D-42DC-4E90-99CD-927CBCB79B5B}.Release|Any CPU.Build.0 = Release|Any CPU
	EndGlobalSection
	GlobalSection(SolutionProperties) = preSolution
		HideSolutionNode = FALSE
	EndGlobalSection
	GlobalSection(ExtensibilityGlobals) = postSolution
		SolutionGuid = {4A4B8A89-DB90-4F63-A02E-C9D25FAA9075}
	EndGlobalSection
EndGlobal
